// !$*UTF8*$!
{
	archiveVersion = 1;
	classes = {
	};
	objectVersion = 50;
	objects = {

/* Begin PBXBuildFile section */
		892A77E2230CF4EF00491829 /* AppDelegate.swift in Sources */ = {isa = PBXBuildFile; fileRef = 892A77E1230CF4EF00491829 /* AppDelegate.swift */; };
		892A77E4230CF4EF00491829 /* SceneDelegate.swift in Sources */ = {isa = PBXBuildFile; fileRef = 892A77E3230CF4EF00491829 /* SceneDelegate.swift */; };
		892A77E6230CF4EF00491829 /* ViewController.swift in Sources */ = {isa = PBXBuildFile; fileRef = 892A77E5230CF4EF00491829 /* ViewController.swift */; };
		892A77E9230CF4EF00491829 /* Main.storyboard in Resources */ = {isa = PBXBuildFile; fileRef = 892A77E7230CF4EF00491829 /* Main.storyboard */; };
		892A77EB230CF4F100491829 /* Assets.xcassets in Resources */ = {isa = PBXBuildFile; fileRef = 892A77EA230CF4F100491829 /* Assets.xcassets */; };
		892A77EE230CF4F100491829 /* LaunchScreen.storyboard in Resources */ = {isa = PBXBuildFile; fileRef = 892A77EC230CF4F100491829 /* LaunchScreen.storyboard */; };
/* End PBXBuildFile section */

/* Begin PBXFileReference section */
		892A77DE230CF4EF00491829 /* colorChange.app */ = {isa = PBXFileReference; explicitFileType = wrapper.application; includeInIndex = 0; path = colorChange.app; sourceTree = BUILT_PRODUCTS_DIR; };
		892A77E1230CF4EF00491829 /* AppDelegate.swift */ = {isa = PBXFileReference; lastKnownFileType = sourcecode.swift; path = AppDelegate.swift; sourceTree = "<group>"; };
		892A77E3230CF4EF00491829 /* SceneDelegate.swift */ = {isa = PBXFileReference; lastKnownFileType = sourcecode.swift; path = SceneDelegate.swift; sourceTree = "<group>"; };
		892A77E5230CF4EF00491829 /* ViewController.swift */ = {isa = PBXFileReference; lastKnownFileType = sourcecode.swift; path = ViewController.swift; sourceTree = "<group>"; };
		892A77E8230CF4EF00491829 /* Base */ = {isa = PBXFileReference; lastKnownFileType = file.storyboard; name = Base; path = Base.lproj/Main.storyboard; sourceTree = "<group>"; };
		892A77EA230CF4F100491829 /* Assets.xcassets */ = {isa = PBXFileReference; lastKnownFileType = folder.assetcatalog; path = Assets.xcassets; sourceTree = "<group>"; };
		892A77ED230CF4F100491829 /* Base */ = {isa = PBXFileReference; lastKnownFileType = file.storyboard; name = Base; path = Base.lproj/LaunchScreen.storyboard; sourceTree = "<group>"; };
		892A77EF230CF4F100491829 /* Info.plist */ = {isa = PBXFileReference; lastKnownFileType = text.plist.xml; path = Info.plist; sourceTree = "<group>"; };
/* End PBXFileReference section */

/* Begin PBXFrameworksBuildPhase section */
		892A77DB230CF4EF00491829 /* Frameworks */ = {
			isa = PBXFrameworksBuildPhase;
			buildActionMask = 2147483647;
			files = (
			);
			runOnlyForDeploymentPostprocessing = 0;
		};
/* End PBXFrameworksBuildPhase section */

/* Begin PBXGroup section */
		892A77D5230CF4EE00491829 = {
			isa = PBXGroup;
			children = (
				892A77E0230CF4EF00491829 /* colorChange */,
				892A77DF230CF4EF00491829 /* Products */,
			);
			sourceTree = "<group>";
		};
		892A77DF230CF4EF00491829 /* Products */ = {
			isa = PBXGroup;
			children = (
				892A77DE230CF4EF00491829 /* colorChange.app */,
			);
			name = Products;
			sourceTree = "<group>";
		};
		892A77E0230CF4EF00491829 /* colorChange */ = {
			isa = PBXGroup;
			children = (
				892A77E1230CF4EF00491829 /* AppDelegate.swift */,
				892A77E3230CF4EF00491829 /* SceneDelegate.swift */,
				892A77E5230CF4EF00491829 /* ViewController.swift */,
				892A77E7230CF4EF00491829 /* Main.storyboard */,
				892A77EA230CF4F100491829 /* Assets.xcassets */,
				892A77EC230CF4F100491829 /* LaunchScreen.storyboard */,
				892A77EF230CF4F100491829 /* Info.plist */,
			);
			path = colorChange;
			sourceTree = "<group>";
		};
/* End PBXGroup section */

/* Begin PBXNativeTarget section */
		892A77DD230CF4EF00491829 /* colorChange */ = {
			isa = PBXNativeTarget;
			buildConfigurationList = 892A77F2230CF4F100491829 /* Build configuration list for PBXNativeTarget "colorChange" */;
			buildPhases = (
				892A77DA230CF4EF00491829 /* Sources */,
				892A77DB230CF4EF00491829 /* Frameworks */,
				892A77DC230CF4EF00491829 /* Resources */,
			);
			buildRules = (
			);
			dependencies = (
			);
			name = colorChange;
			productName = colorChange;
			productReference = 892A77DE230CF4EF00491829 /* colorChange.app */;
			productType = "com.apple.product-type.application";
		};
/* End PBXNativeTarget section */

/* Begin PBXProject section */
		892A77D6230CF4EE00491829 /* Project object */ = {
			isa = PBXProject;
			attributes = {
				LastSwiftUpdateCheck = 1100;
				LastUpgradeCheck = 1100;
				ORGANIZATIONNAME = "Shih Chen Chiu";
				TargetAttributes = {
					892A77DD230CF4EF00491829 = {
						CreatedOnToolsVersion = 11.0;
					};
				};
			};
			buildConfigurationList = 892A77D9230CF4EE00491829 /* Build configuration list for PBXProject "colorChange" */;
			compatibilityVersion = "Xcode 9.3";
			developmentRegion = en;
			hasScannedForEncodings = 0;
			knownRegions = (
				en,
				Base,
			);
			mainGroup = 892A77D5230CF4EE00491829;
			productRefGroup = 892A77DF230CF4EF00491829 /* Products */;
			projectDirPath = "";
			projectRoot = "";
			targets = (
				892A77DD230CF4EF00491829 /* colorChange */,
			);
		};
/* End PBXProject section */

/* Begin PBXResourcesBuildPhase section */
		892A77DC230CF4EF00491829 /* Resources */ = {
			isa = PBXResourcesBuildPhase;
			buildActionMask = 2147483647;
			files = (
				892A77EE230CF4F100491829 /* LaunchScreen.storyboard in Resources */,
				892A77EB230CF4F100491829 /* Assets.xcassets in Resources */,
				892A77E9230CF4EF00491829 /* Main.storyboard in Resources */,
			);
			runOnlyForDeploymentPostprocessing = 0;
		};
/* End PBXResourcesBuildPhase section */

/* Begin PBXSourcesBuildPhase section */
		892A77DA230CF4EF00491829 /* Sources */ = {
			isa = PBXSourcesBuildPhase;
			buildActionMask = 2147483647;
			files = (
				892A77E6230CF4EF00491829 /* ViewController.swift in Sources */,
				892A77E2230CF4EF00491829 /* AppDelegate.swift in Sources */,
				892A77E4230CF4EF00491829 /* SceneDelegate.swift in Sources */,
			);
			runOnlyForDeploymentPostprocessing = 0;
		};
/* End PBXSourcesBuildPhase section */

/* Begin PBXVariantGroup section */
		892A77E7230CF4EF00491829 /* Main.storyboard */ = {
			isa = PBXVariantGroup;
			children = (
				892A77E8230CF4EF00491829 /* Base */,
			);
			name = Main.storyboard;
			sourceTree = "<group>";
		};
		892A77EC230CF4F100491829 /* LaunchScreen.storyboard */ = {
			isa = PBXVariantGroup;
			children = (
				892A77ED230CF4F100491829 /* Base */,
			);
			name = LaunchScreen.storyboard;
			sourceTree = "<group>";
		};
/* End PBXVariantGroup section */

/* Begin XCBuildConfiguration section */
		892A77F0230CF4F100491829 /* Debug */ = {
			isa = XCBuildConfiguration;
			buildSettings = {
				ALWAYS_SEARCH_USER_PATHS = NO;
				CLANG_ANALYZER_NONNULL = YES;
				CLANG_ANALYZER_NUMBER_OBJECT_CONVERSION = YES_AGGRESSIVE;
				CLANG_CXX_LANGUAGE_STANDARD = "gnu++14";
				CLANG_CXX_LIBRARY = "libc++";
				CLANG_ENABLE_MODULES = YES;
				CLANG_ENABLE_OBJC_ARC = YES;
				CLANG_ENABLE_OBJC_WEAK = YES;
				CLANG_WARN_BLOCK_CAPTURE_AUTORELEASING = YES;
				CLANG_WARN_BOOL_CONVERSION = YES;
				CLANG_WARN_COMMA = YES;
				CLANG_WARN_CONSTANT_CONVERSION = YES;
				CLANG_WARN_DEPRECATED_OBJC_IMPLEMENTATIONS = YES;
				CLANG_WARN_DIRECT_OBJC_ISA_USAGE = YES_ERROR;
				CLANG_WARN_DOCUMENTATION_COMMENTS = YES;
				CLANG_WARN_EMPTY_BODY = YES;
				CLANG_WARN_ENUM_CONVERSION = YES;
				CLANG_WARN_INFINITE_RECURSION = YES;
				CLANG_WARN_INT_CONVERSION = YES;
				CLANG_WARN_NON_LITERAL_NULL_CONVERSION = YES;
				CLANG_WARN_OBJC_IMPLICIT_RETAIN_SELF = YES;
				CLANG_WARN_OBJC_LITERAL_CONVERSION = YES;
				CLANG_WARN_OBJC_ROOT_CLASS = YES_ERROR;
				CLANG_WARN_RANGE_LOOP_ANALYSIS = YES;
				CLANG_WARN_STRICT_PROTOTYPES = YES;
				CLANG_WARN_SUSPICIOUS_MOVE = YES;
				CLANG_WARN_UNGUARDED_AVAILABILITY = YES_AGGRESSIVE;
				CLANG_WARN_UNREACHABLE_CODE = YES;
				CLANG_WARN__DUPLICATE_METHOD_MATCH = YES;
				COPY_PHASE_STRIP = NO;
				DEBUG_INFORMATION_FORMAT = dwarf;
				ENABLE_STRICT_OBJC_MSGSEND = YES;
				ENABLE_TESTABILITY = YES;
				GCC_C_LANGUAGE_STANDARD = gnu11;
				GCC_DYNAMIC_NO_PIC = NO;
				GCC_NO_COMMON_BLOCKS = YES;
				GCC_OPTIMIZATION_LEVEL = 0;
				GCC_PREPROCESSOR_DEFINITIONS = (
					"DEBUG=1",
					"$(inherited)",
				);
				GCC_WARN_64_TO_32_BIT_CONVERSION = YES;
				GCC_WARN_ABOUT_RETURN_TYPE = YES_ERROR;
				GCC_WARN_UNDECLARED_SELECTOR = YES;
				GCC_WARN_UNINITIALIZED_AUTOS = YES_AGGRESSIVE;
				GCC_WARN_UNUSED_FUNCTION = YES;
				GCC_WARN_UNUSED_VARIABLE = YES;
				IPHONEOS_DEPLOYMENT_TARGET = 13.0;
				MTL_ENABLE_DEBUG_INFO = INCLUDE_SOURCE;
				MTL_FAST_MATH = YES;
				ONLY_ACTIVE_ARCH = YES;
				SDKROOT = iphoneos;
				SWIFT_ACTIVE_COMPILATION_CONDITIONS = DEBUG;
				SWIFT_OPTIMIZATION_LEVEL = "-Onone";
			};
			name = Debug;
		};
		892A77F1230CF4F100491829 /* Release */ = {
			isa = XCBuildConfiguration;
			buildSettings = {
				ALWAYS_SEARCH_USER_PATHS = NO;
				CLANG_ANALYZER_NONNULL = YES;
				CLANG_ANALYZER_NUMBER_OBJECT_CONVERSION = YES_AGGRESSIVE;
				CLANG_CXX_LANGUAGE_STANDARD = "gnu++14";
				CLANG_CXX_LIBRARY = "libc++";
				CLANG_ENABLE_MODULES = YES;
				CLANG_ENABLE_OBJC_ARC = YES;
				CLANG_ENABLE_OBJC_WEAK = YES;
				CLANG_WARN_BLOCK_CAPTURE_AUTORELEASING = YES;
				CLANG_WARN_BOOL_CONVERSION = YES;
				CLANG_WARN_COMMA = YES;
				CLANG_WARN_CONSTANT_CONVERSION = YES;
				CLANG_WARN_DEPRECATED_OBJC_IMPLEMENTATIONS = YES;
				CLANG_WARN_DIRECT_OBJC_ISA_USAGE = YES_ERROR;
				CLANG_WARN_DOCUMENTATION_COMMENTS = YES;
				CLANG_WARN_EMPTY_BODY = YES;
				CLANG_WARN_ENUM_CONVERSION = YES;
				CLANG_WARN_INFINITE_RECURSION = YES;
				CLANG_WARN_INT_CONVERSION = YES;
				CLANG_WARN_NON_LITERAL_NULL_CONVERSION = YES;
				CLANG_WARN_OBJC_IMPLICIT_RETAIN_SELF = YES;
				CLANG_WARN_OBJC_LITERAL_CONVERSION = YES;
				CLANG_WARN_OBJC_ROOT_CLASS = YES_ERROR;
				CLANG_WARN_RANGE_LOOP_ANALYSIS = YES;
				CLANG_WARN_STRICT_PROTOTYPES = YES;
				CLANG_WARN_SUSPICIOUS_MOVE = YES;
				CLANG_WARN_UNGUARDED_AVAILABILITY = YES_AGGRESSIVE;
				CLANG_WARN_UNREACHABLE_CODE = YES;
				CLANG_WARN__DUPLICATE_METHOD_MATCH = YES;
				COPY_PHASE_STRIP = NO;
				DEBUG_INFORMATION_FORMAT = "dwarf-with-dsym";
				ENABLE_NS_ASSERTIONS = NO;
				ENABLE_STRICT_OBJC_MSGSEND = YES;
				GCC_C_LANGUAGE_STANDARD = gnu11;
				GCC_NO_COMMON_BLOCKS = YES;
				GCC_WARN_64_TO_32_BIT_CONVERSION = YES;
				GCC_WARN_ABOUT_RETURN_TYPE = YES_ERROR;
				GCC_WARN_UNDECLARED_SELECTOR = YES;
				GCC_WARN_UNINITIALIZED_AUTOS = YES_AGGRESSIVE;
				GCC_WARN_UNUSED_FUNCTION = YES;
				GCC_WARN_UNUSED_VARIABLE = YES;
				IPHONEOS_DEPLOYMENT_TARGET = 13.0;
				MTL_ENABLE_DEBUG_INFO = NO;
				MTL_FAST_MATH = YES;
				SDKROOT = iphoneos;
				SWIFT_COMPILATION_MODE = wholemodule;
				SWIFT_OPTIMIZATION_LEVEL = "-O";
				VALIDATE_PRODUCT = YES;
			};
			name = Release;
		};
		892A77F3230CF4F100491829 /* Debug */ = {
			isa = XCBuildConfiguration;
			buildSettings = {
				ASSETCATALOG_COMPILER_APPICON_NAME = AppIcon;
				CODE_SIGN_STYLE = Automatic;
				INFOPLIST_FILE = colorChange/Info.plist;
				LD_RUNPATH_SEARCH_PATHS = (
					"$(inherited)",
					"@executable_path/Frameworks",
				);
				PRODUCT_BUNDLE_IDENTIFIER = com.chiu.colorChange;
				PRODUCT_NAME = "$(TARGET_NAME)";
				SWIFT_VERSION = 5.0;
				TARGETED_DEVICE_FAMILY = "1,2";
			};
			name = Debug;
		};
		892A77F4230CF4F100491829 /* Release */ = {
			isa = XCBuildConfiguration;
			buildSettings = {
				ASSETCATALOG_COMPILER_APPICON_NAME = AppIcon;
				CODE_SIGN_STYLE = Automatic;
				INFOPLIST_FILE = colorChange/Info.plist;
				LD_RUNPATH_SEARCH_PATHS = (
					"$(inherited)",
					"@executable_path/Frameworks",
				);
				PRODUCT_BUNDLE_IDENTIFIER = com.chiu.colorChange;
				PRODUCT_NAME = "$(TARGET_NAME)";
				SWIFT_VERSION = 5.0;
				TARGETED_DEVICE_FAMILY = "1,2";
			};
			name = Release;
		};
/* End XCBuildConfiguration section */

/* Begin XCConfigurationList section */
		892A77D9230CF4EE00491829 /* Build configuration list for PBXProject "colorChange" */ = {
			isa = XCConfigurationList;
			buildConfigurations = (
				892A77F0230CF4F100491829 /* Debug */,
				892A77F1230CF4F100491829 /* Release */,
			);
			defaultConfigurationIsVisible = 0;
			defaultConfigurationName = Release;
		};
		892A77F2230CF4F100491829 /* Build configuration list for PBXNativeTarget "colorChange" */ = {
			isa = XCConfigurationList;
			buildConfigurations = (
				892A77F3230CF4F100491829 /* Debug */,
				892A77F4230CF4F100491829 /* Release */,
			);
			defaultConfigurationIsVisible = 0;
			defaultConfigurationName = Release;
		};
/* End XCConfigurationList section */
	};
	rootObject = 892A77D6230CF4EE00491829 /* Project object */;
}
